{
  "name": "share-bbs",
  "lockfileVersion": 2,
  "requires": true,
  "packages": {
    "": {
      "dependencies": {
        "uview-ui": "^1.8.4"
      }
    },
    "node_modules/uview-ui": {
      "version": "1.8.4",
      "resolved": "https://registry.nlark.com/uview-ui/download/uview-ui-1.8.4.tgz",
      "integrity": "sha1-4yu/I3lCHTGQIuMk4ct7U4fTvUQ="
    }
  },
  "dependencies": {
    "uview-ui": {
      "version": "1.8.4",
      "resolved": "https://registry.nlark.com/uview-ui/download/uview-ui-1.8.4.tgz",
      "integrity": "sha1-4yu/I3lCHTGQIuMk4ct7U4fTvUQ="
    }
  }
}
